
Microsoft Visual Studio Solution File, Format Version 12.00
# Visual Studio Version 16
VisualStudioVersion = 16.0.29403.142
MinimumVisualStudioVersion = 10.0.40219.1
Project("{FAE04EC0-301F-11D3-BF4B-00C04F79EFBC}") = "Nezarka", "ConsoleApp1\Nezarka.csproj", "{55D04EFE-ABE4-458D-8C27-6024BE76013B}"
EndProject
Project("{FAE04EC0-301F-11D3-BF4B-00C04F79EFBC}") = "NezarkaTests", "NezarkaTests\NezarkaTests.csproj", "{13360EDE-ADB2-425A-A4D7-C88DC53DDBA9}"
EndProject
Global
	GlobalSection(SolutionConfigurationPlatforms) = preSolution
		Debug|Any CPU = Debug|Any CPU
		Release|Any CPU = Release|Any CPU
	EndGlobalSection
	GlobalSection(ProjectConfigurationPlatforms) = postSolution
		{55D04EFE-ABE4-458D-8C27-6024BE76013B}.Debug|Any CPU.ActiveCfg = Debug|Any CPU
		{55D04EFE-ABE4-458D-8C27-6024BE76013B}.Debug|Any CPU.Build.0 = Debug|Any CPU
		{55D04EFE-ABE4-458D-8C27-6024BE76013B}.Release|Any CPU.ActiveCfg = Release|Any CPU
		{55D04EFE-ABE4-458D-8C27-6024BE76013B}.Release|Any CPU.Build.0 = Release|Any CPU
		{13360EDE-ADB2-425A-A4D7-C88DC53DDBA9}.Debug|Any CPU.ActiveCfg = Debug|Any CPU
		{13360EDE-ADB2-425A-A4D7-C88DC53DDBA9}.Debug|Any CPU.Build.0 = Debug|Any CPU
		{13360EDE-ADB2-425A-A4D7-C88DC53DDBA9}.Release|Any CPU.ActiveCfg = Release|Any CPU
		{13360EDE-ADB2-425A-A4D7-C88DC53DDBA9}.Release|Any CPU.Build.0 = Release|Any CPU
	EndGlobalSection
	GlobalSection(SolutionProperties) = preSolution
		HideSolutionNode = FALSE
	EndGlobalSection
	GlobalSection(ExtensibilityGlobals) = postSolution
		SolutionGuid = {3771E16F-3065-48E9-A27B-5889125A204C}
	EndGlobalSection
EndGlobal
